
Microsoft Visual Studio Solution File, Format Version 12.00
# Visual Studio Version 17
VisualStudioVersion = 17.5.33627.172
MinimumVisualStudioVersion = 10.0.40219.1
Project("{FAE04EC0-301F-11D3-BF4B-00C04F79EFBC}") = "ContactsAPI", "ContactsAPI\ContactsAPI.csproj", "{0179612D-4087-4C36-8343-D3A63F22DADF}"
EndProject
Global
	GlobalSection(SolutionConfigurationPlatforms) = preSolution
		Debug|Any CPU = Debug|Any CPU
		Release|Any CPU = Release|Any CPU
	EndGlobalSection
	GlobalSection(ProjectConfigurationPlatforms) = postSolution
		{0179612D-4087-4C36-8343-D3A63F22DADF}.Debug|Any CPU.ActiveCfg = Debug|Any CPU
		{0179612D-4087-4C36-8343-D3A63F22DADF}.Debug|Any CPU.Build.0 = Debug|Any CPU
		{0179612D-4087-4C36-8343-D3A63F22DADF}.Release|Any CPU.ActiveCfg = Release|Any CPU
		{0179612D-4087-4C36-8343-D3A63F22DADF}.Release|Any CPU.Build.0 = Release|Any CPU
	EndGlobalSection
	GlobalSection(SolutionProperties) = preSolution
		HideSolutionNode = FALSE
	EndGlobalSection
	GlobalSection(ExtensibilityGlobals) = postSolution
		SolutionGuid = {9C8A1ABB-458C-483F-87A2-8FD034B3D95E}
	EndGlobalSection
EndGlobal
